
Microsoft Visual Studio Solution File, Format Version 12.00
# Visual Studio Version 17
VisualStudioVersion = 17.7.34221.43
MinimumVisualStudioVersion = 10.0.40219.1
Project("{8BC9CEB8-8B4A-11D0-8D11-00A0C91BC942}") = "tests", "tests\tests.vcxproj", "{5A58C0EA-DA8B-4839-A70C-34DA0FFCF84C}"
EndProject
Global
	GlobalSection(SolutionConfigurationPlatforms) = preSolution
		Debug|x64 = Debug|x64
		Debug|x86 = Debug|x86
		Release|x64 = Release|x64
		Release|x86 = Release|x86
	EndGlobalSection
	GlobalSection(ProjectConfigurationPlatforms) = postSolution
		{5A58C0EA-DA8B-4839-A70C-34DA0FFCF84C}.Debug|x64.ActiveCfg = Debug|x64
		{5A58C0EA-DA8B-4839-A70C-34DA0FFCF84C}.Debug|x64.Build.0 = Debug|x64
		{5A58C0EA-DA8B-4839-A70C-34DA0FFCF84C}.Debug|x86.ActiveCfg = Debug|Win32
		{5A58C0EA-DA8B-4839-A70C-34DA0FFCF84C}.Debug|x86.Build.0 = Debug|Win32
		{5A58C0EA-DA8B-4839-A70C-34DA0FFCF84C}.Release|x64.ActiveCfg = Release|x64
		{5A58C0EA-DA8B-4839-A70C-34DA0FFCF84C}.Release|x64.Build.0 = Release|x64
		{5A58C0EA-DA8B-4839-A70C-34DA0FFCF84C}.Release|x86.ActiveCfg = Release|Win32
		{5A58C0EA-DA8B-4839-A70C-34DA0FFCF84C}.Release|x86.Build.0 = Release|Win32
	EndGlobalSection
	GlobalSection(SolutionProperties) = preSolution
		HideSolutionNode = FALSE
	EndGlobalSection
	GlobalSection(ExtensibilityGlobals) = postSolution
		SolutionGuid = {E7869567-D978-4BDB-B140-041DA1DAF4A8}
	EndGlobalSection
EndGlobal
